
Microsoft Visual Studio Solution File, Format Version 12.00
# Visual Studio 15
VisualStudioVersion = 15.0.26430.13
MinimumVisualStudioVersion = 10.0.40219.1
Project("{9A19103F-16F7-4668-BE54-9A1E7A4F7556}") = "OrderedJobs.Domain", "OrderedJobs.Domain\OrderedJobs.Domain.csproj", "{17F8CF8B-35B4-43E4-A03E-1CFB9E97620A}"
EndProject
Project("{9A19103F-16F7-4668-BE54-9A1E7A4F7556}") = "OrderedJobs.Data", "OrderedJobs.Data\OrderedJobs.Data.csproj", "{6667D689-2918-4FA0-B285-6D8EEB3B6640}"
EndProject
Project("{9A19103F-16F7-4668-BE54-9A1E7A4F7556}") = "OrderedJobs.Web", "OrderedJobs.Web\OrderedJobs.Web.csproj", "{8CF22D67-E674-44CC-8823-9C06E38EB9D6}"
EndProject
Project("{FAE04EC0-301F-11D3-BF4B-00C04F79EFBC}") = "OrderedJobs.Tests", "OrderedJobs.Tests\OrderedJobs.Tests.csproj", "{A38AF83B-29CB-470C-82AA-69638A12B1E7}"
EndProject
Global
	GlobalSection(SolutionConfigurationPlatforms) = preSolution
		Debug|Any CPU = Debug|Any CPU
		Release|Any CPU = Release|Any CPU
	EndGlobalSection
	GlobalSection(ProjectConfigurationPlatforms) = postSolution
		{17F8CF8B-35B4-43E4-A03E-1CFB9E97620A}.Debug|Any CPU.ActiveCfg = Debug|Any CPU
		{17F8CF8B-35B4-43E4-A03E-1CFB9E97620A}.Debug|Any CPU.Build.0 = Debug|Any CPU
		{17F8CF8B-35B4-43E4-A03E-1CFB9E97620A}.Release|Any CPU.ActiveCfg = Release|Any CPU
		{17F8CF8B-35B4-43E4-A03E-1CFB9E97620A}.Release|Any CPU.Build.0 = Release|Any CPU
		{6667D689-2918-4FA0-B285-6D8EEB3B6640}.Debug|Any CPU.ActiveCfg = Debug|Any CPU
		{6667D689-2918-4FA0-B285-6D8EEB3B6640}.Debug|Any CPU.Build.0 = Debug|Any CPU
		{6667D689-2918-4FA0-B285-6D8EEB3B6640}.Release|Any CPU.ActiveCfg = Release|Any CPU
		{6667D689-2918-4FA0-B285-6D8EEB3B6640}.Release|Any CPU.Build.0 = Release|Any CPU
		{8CF22D67-E674-44CC-8823-9C06E38EB9D6}.Debug|Any CPU.ActiveCfg = Debug|Any CPU
		{8CF22D67-E674-44CC-8823-9C06E38EB9D6}.Debug|Any CPU.Build.0 = Debug|Any CPU
		{8CF22D67-E674-44CC-8823-9C06E38EB9D6}.Release|Any CPU.ActiveCfg = Release|Any CPU
		{8CF22D67-E674-44CC-8823-9C06E38EB9D6}.Release|Any CPU.Build.0 = Release|Any CPU
		{A38AF83B-29CB-470C-82AA-69638A12B1E7}.Debug|Any CPU.ActiveCfg = Debug|Any CPU
		{A38AF83B-29CB-470C-82AA-69638A12B1E7}.Debug|Any CPU.Build.0 = Debug|Any CPU
		{A38AF83B-29CB-470C-82AA-69638A12B1E7}.Release|Any CPU.ActiveCfg = Release|Any CPU
		{A38AF83B-29CB-470C-82AA-69638A12B1E7}.Release|Any CPU.Build.0 = Release|Any CPU
	EndGlobalSection
	GlobalSection(SolutionProperties) = preSolution
		HideSolutionNode = FALSE
	EndGlobalSection
EndGlobal
